// !$*UTF8*$!
{
	archiveVersion = 1;
	classes = {
	};
	objectVersion = 54;
	objects = {

/* Begin PBXBuildFile section */
		2310D89E22BDFC7B00B71557 /* ShareViewController.swift in Sources */ = {isa = PBXBuildFile; fileRef = 2310D89D22BDFC7B00B71557 /* ShareViewController.swift */; };
		2310D8A122BDFC7B00B71557 /* MainInterface.storyboard in Resources */ = {isa = PBXBuildFile; fileRef = 2310D89F22BDFC7B00B71557 /* MainInterface.storyboard */; };
		2310D8A522BDFC7B00B71557 /* StoreShare.appex in Embed App Extensions */ = {isa = PBXBuildFile; fileRef = 2310D89B22BDFC7B00B71557 /* StoreShare.appex */; settings = {ATTRIBUTES = (RemoveHeadersOnCopy, ); }; };
		2368793A24EE6C82000D1BF5 /* UIApplication+OpenURL.m in Sources */ = {isa = PBXBuildFile; fileRef = 2368793924EE6C82000D1BF5 /* UIApplication+OpenURL.m */; };
		2392B830228AA5D900572E5E /* AppDelegate.swift in Sources */ = {isa = PBXBuildFile; fileRef = 2392B82F228AA5D900572E5E /* AppDelegate.swift */; };
		2392B835228AA5D900572E5E /* Main.storyboard in Resources */ = {isa = PBXBuildFile; fileRef = 2392B833228AA5D900572E5E /* Main.storyboard */; };
		2392B837228AA5DA00572E5E /* Assets.xcassets in Resources */ = {isa = PBXBuildFile; fileRef = 2392B836228AA5DA00572E5E /* Assets.xcassets */; };
		2392B83A228AA5DA00572E5E /* LaunchScreen.storyboard in Resources */ = {isa = PBXBuildFile; fileRef = 2392B838228AA5DA00572E5E /* LaunchScreen.storyboard */; };
		2392B842228AA89300572E5E /* LinkListViewController.swift in Sources */ = {isa = PBXBuildFile; fileRef = 2392B841228AA89300572E5E /* LinkListViewController.swift */; };
		2392B844228ABF9300572E5E /* AppInfo.swift in Sources */ = {isa = PBXBuildFile; fileRef = 2392B843228ABF9300572E5E /* AppInfo.swift */; };
		23D3E4BD228EA12600059AE6 /* AppInfoCell.swift in Sources */ = {isa = PBXBuildFile; fileRef = 23D3E4BC228EA12600059AE6 /* AppInfoCell.swift */; };
		A0136EF4911CD55E0FF53FBF /* Pods_HMAppStoreHelper.framework in Frameworks */ = {isa = PBXBuildFile; fileRef = CFF26577411E3E95DF87F350 /* Pods_HMAppStoreHelper.framework */; };
		FAEBE8A325A9D2B7D3BA9170 /* Pods_StoreShare.framework in Frameworks */ = {isa = PBXBuildFile; fileRef = 5D50E52011FC2B11CB61EE45 /* Pods_StoreShare.framework */; };
/* End PBXBuildFile section */

/* Begin PBXContainerItemProxy section */
		2310D8A322BDFC7B00B71557 /* PBXContainerItemProxy */ = {
			isa = PBXContainerItemProxy;
			containerPortal = 2392B824228AA5D900572E5E /* Project object */;
			proxyType = 1;
			remoteGlobalIDString = 2310D89A22BDFC7B00B71557;
			remoteInfo = StoreShare;
		};
/* End PBXContainerItemProxy section */

/* Begin PBXCopyFilesBuildPhase section */
		2310D8A922BDFC7B00B71557 /* Embed App Extensions */ = {
			isa = PBXCopyFilesBuildPhase;
			buildActionMask = 2147483647;
			dstPath = "";
			dstSubfolderSpec = 13;
			files = (
				2310D8A522BDFC7B00B71557 /* StoreShare.appex in Embed App Extensions */,
			);
			name = "Embed App Extensions";
			runOnlyForDeploymentPostprocessing = 0;
		};
/* End PBXCopyFilesBuildPhase section */

/* Begin PBXFileReference section */
		10BF27D6C49C8DEE391C6C01 /* Pods-StoreShare.debug.xcconfig */ = {isa = PBXFileReference; includeInIndex = 1; lastKnownFileType = text.xcconfig; name = "Pods-StoreShare.debug.xcconfig"; path = "Pods/Target Support Files/Pods-StoreShare/Pods-StoreShare.debug.xcconfig"; sourceTree = "<group>"; };
		1202C51A1030AF0A192B34E9 /* Pods-HMAppStoreHelper.release.xcconfig */ = {isa = PBXFileReference; includeInIndex = 1; lastKnownFileType = text.xcconfig; name = "Pods-HMAppStoreHelper.release.xcconfig"; path = "Pods/Target Support Files/Pods-HMAppStoreHelper/Pods-HMAppStoreHelper.release.xcconfig"; sourceTree = "<group>"; };
		2310D89B22BDFC7B00B71557 /* StoreShare.appex */ = {isa = PBXFileReference; explicitFileType = "wrapper.app-extension"; includeInIndex = 0; path = StoreShare.appex; sourceTree = BUILT_PRODUCTS_DIR; };
		2310D89D22BDFC7B00B71557 /* ShareViewController.swift */ = {isa = PBXFileReference; lastKnownFileType = sourcecode.swift; path = ShareViewController.swift; sourceTree = "<group>"; };
		2310D8A022BDFC7B00B71557 /* Base */ = {isa = PBXFileReference; lastKnownFileType = file.storyboard; name = Base; path = Base.lproj/MainInterface.storyboard; sourceTree = "<group>"; };
		2310D8A222BDFC7B00B71557 /* Info.plist */ = {isa = PBXFileReference; lastKnownFileType = text.plist.xml; path = Info.plist; sourceTree = "<group>"; };
		2368793424EE64D3000D1BF5 /* StoreShare-Bridging-Header.h */ = {isa = PBXFileReference; lastKnownFileType = sourcecode.c.h; path = "StoreShare-Bridging-Header.h"; sourceTree = "<group>"; };
		2368793824EE6C82000D1BF5 /* UIApplication+OpenURL.h */ = {isa = PBXFileReference; lastKnownFileType = sourcecode.c.h; path = "UIApplication+OpenURL.h"; sourceTree = "<group>"; };
		2368793924EE6C82000D1BF5 /* UIApplication+OpenURL.m */ = {isa = PBXFileReference; lastKnownFileType = sourcecode.c.objc; path = "UIApplication+OpenURL.m"; sourceTree = "<group>"; };
		2392B82C228AA5D900572E5E /* HMAppStoreHelper.app */ = {isa = PBXFileReference; explicitFileType = wrapper.application; includeInIndex = 0; path = HMAppStoreHelper.app; sourceTree = BUILT_PRODUCTS_DIR; };
		2392B82F228AA5D900572E5E /* AppDelegate.swift */ = {isa = PBXFileReference; lastKnownFileType = sourcecode.swift; path = AppDelegate.swift; sourceTree = "<group>"; };
		2392B834228AA5D900572E5E /* Base */ = {isa = PBXFileReference; lastKnownFileType = file.storyboard; name = Base; path = Base.lproj/Main.storyboard; sourceTree = "<group>"; };
		2392B836228AA5DA00572E5E /* Assets.xcassets */ = {isa = PBXFileReference; lastKnownFileType = folder.assetcatalog; path = Assets.xcassets; sourceTree = "<group>"; };
		2392B839228AA5DA00572E5E /* Base */ = {isa = PBXFileReference; lastKnownFileType = file.storyboard; name = Base; path = Base.lproj/LaunchScreen.storyboard; sourceTree = "<group>"; };
		2392B83B228AA5DA00572E5E /* Info.plist */ = {isa = PBXFileReference; lastKnownFileType = text.plist.xml; path = Info.plist; sourceTree = "<group>"; };
		2392B841228AA89300572E5E /* LinkListViewController.swift */ = {isa = PBXFileReference; lastKnownFileType = sourcecode.swift; path = LinkListViewController.swift; sourceTree = "<group>"; };
		2392B843228ABF9300572E5E /* AppInfo.swift */ = {isa = PBXFileReference; lastKnownFileType = sourcecode.swift; path = AppInfo.swift; sourceTree = "<group>"; };
		23D3E4BC228EA12600059AE6 /* AppInfoCell.swift */ = {isa = PBXFileReference; lastKnownFileType = sourcecode.swift; path = AppInfoCell.swift; sourceTree = "<group>"; };
		55E605CF63031E0239F4D8DE /* Pods-HMAppStoreHelper.debug.xcconfig */ = {isa = PBXFileReference; includeInIndex = 1; lastKnownFileType = text.xcconfig; name = "Pods-HMAppStoreHelper.debug.xcconfig"; path = "Pods/Target Support Files/Pods-HMAppStoreHelper/Pods-HMAppStoreHelper.debug.xcconfig"; sourceTree = "<group>"; };
		5D50E52011FC2B11CB61EE45 /* Pods_StoreShare.framework */ = {isa = PBXFileReference; explicitFileType = wrapper.framework; includeInIndex = 0; path = Pods_StoreShare.framework; sourceTree = BUILT_PRODUCTS_DIR; };
		CFF26577411E3E95DF87F350 /* Pods_HMAppStoreHelper.framework */ = {isa = PBXFileReference; explicitFileType = wrapper.framework; includeInIndex = 0; path = Pods_HMAppStoreHelper.framework; sourceTree = BUILT_PRODUCTS_DIR; };
		E02DE86EE906D33F4D830DBC /* Pods-StoreShare.release.xcconfig */ = {isa = PBXFileReference; includeInIndex = 1; lastKnownFileType = text.xcconfig; name = "Pods-StoreShare.release.xcconfig"; path = "Pods/Target Support Files/Pods-StoreShare/Pods-StoreShare.release.xcconfig"; sourceTree = "<group>"; };
/* End PBXFileReference section */

/* Begin PBXFrameworksBuildPhase section */
		2310D89822BDFC7B00B71557 /* Frameworks */ = {
			isa = PBXFrameworksBuildPhase;
			buildActionMask = 2147483647;
			files = (
				FAEBE8A325A9D2B7D3BA9170 /* Pods_StoreShare.framework in Frameworks */,
			);
			runOnlyForDeploymentPostprocessing = 0;
		};
		2392B829228AA5D900572E5E /* Frameworks */ = {
			isa = PBXFrameworksBuildPhase;
			buildActionMask = 2147483647;
			files = (
				A0136EF4911CD55E0FF53FBF /* Pods_HMAppStoreHelper.framework in Frameworks */,
			);
			runOnlyForDeploymentPostprocessing = 0;
		};
/* End PBXFrameworksBuildPhase section */

/* Begin PBXGroup section */
		030B55FE9BF61DF182BA374F /* Frameworks */ = {
			isa = PBXGroup;
			children = (
				CFF26577411E3E95DF87F350 /* Pods_HMAppStoreHelper.framework */,
				5D50E52011FC2B11CB61EE45 /* Pods_StoreShare.framework */,
			);
			name = Frameworks;
			sourceTree = "<group>";
		};
		2310D89C22BDFC7B00B71557 /* StoreShare */ = {
			isa = PBXGroup;
			children = (
				2310D89D22BDFC7B00B71557 /* ShareViewController.swift */,
				2368793824EE6C82000D1BF5 /* UIApplication+OpenURL.h */,
				2368793924EE6C82000D1BF5 /* UIApplication+OpenURL.m */,
				2368793424EE64D3000D1BF5 /* StoreShare-Bridging-Header.h */,
				2310D89F22BDFC7B00B71557 /* MainInterface.storyboard */,
				2310D8A222BDFC7B00B71557 /* Info.plist */,
			);
			path = StoreShare;
			sourceTree = "<group>";
		};
		2392B823228AA5D900572E5E = {
			isa = PBXGroup;
			children = (
				2392B82E228AA5D900572E5E /* HMAppStoreHelper */,
				2310D89C22BDFC7B00B71557 /* StoreShare */,
				2392B82D228AA5D900572E5E /* Products */,
				3F66A115778C386A21CC1387 /* Pods */,
				030B55FE9BF61DF182BA374F /* Frameworks */,
			);
			sourceTree = "<group>";
		};
		2392B82D228AA5D900572E5E /* Products */ = {
			isa = PBXGroup;
			children = (
				2392B82C228AA5D900572E5E /* HMAppStoreHelper.app */,
				2310D89B22BDFC7B00B71557 /* StoreShare.appex */,
			);
			name = Products;
			sourceTree = "<group>";
		};
		2392B82E228AA5D900572E5E /* HMAppStoreHelper */ = {
			isa = PBXGroup;
			children = (
				2392B82F228AA5D900572E5E /* AppDelegate.swift */,
				2392B841228AA89300572E5E /* LinkListViewController.swift */,
				2392B843228ABF9300572E5E /* AppInfo.swift */,
				23D3E4BC228EA12600059AE6 /* AppInfoCell.swift */,
				2392B833228AA5D900572E5E /* Main.storyboard */,
				2392B836228AA5DA00572E5E /* Assets.xcassets */,
				2392B838228AA5DA00572E5E /* LaunchScreen.storyboard */,
				2392B83B228AA5DA00572E5E /* Info.plist */,
			);
			path = HMAppStoreHelper;
			sourceTree = "<group>";
		};
		3F66A115778C386A21CC1387 /* Pods */ = {
			isa = PBXGroup;
			children = (
				55E605CF63031E0239F4D8DE /* Pods-HMAppStoreHelper.debug.xcconfig */,
				1202C51A1030AF0A192B34E9 /* Pods-HMAppStoreHelper.release.xcconfig */,
				10BF27D6C49C8DEE391C6C01 /* Pods-StoreShare.debug.xcconfig */,
				E02DE86EE906D33F4D830DBC /* Pods-StoreShare.release.xcconfig */,
			);
			name = Pods;
			sourceTree = "<group>";
		};
/* End PBXGroup section */

/* Begin PBXNativeTarget section */
		2310D89A22BDFC7B00B71557 /* StoreShare */ = {
			isa = PBXNativeTarget;
			buildConfigurationList = 2310D8A822BDFC7B00B71557 /* Build configuration list for PBXNativeTarget "StoreShare" */;
			buildPhases = (
				B1E8EC5F09D6F71829559BF9 /* [CP] Check Pods Manifest.lock */,
				2310D89722BDFC7B00B71557 /* Sources */,
				2310D89822BDFC7B00B71557 /* Frameworks */,
				2310D89922BDFC7B00B71557 /* Resources */,
			);
			buildRules = (
			);
			dependencies = (
			);
			name = StoreShare;
			productName = StoreShare;
			productReference = 2310D89B22BDFC7B00B71557 /* StoreShare.appex */;
			productType = "com.apple.product-type.app-extension";
		};
		2392B82B228AA5D900572E5E /* HMAppStoreHelper */ = {
			isa = PBXNativeTarget;
			buildConfigurationList = 2392B83E228AA5DA00572E5E /* Build configuration list for PBXNativeTarget "HMAppStoreHelper" */;
			buildPhases = (
				14E5CE38765263840B233866 /* [CP] Check Pods Manifest.lock */,
				2392B828228AA5D900572E5E /* Sources */,
				2392B829228AA5D900572E5E /* Frameworks */,
				2392B82A228AA5D900572E5E /* Resources */,
				2310D8A922BDFC7B00B71557 /* Embed App Extensions */,
				31B9BBF1C30985E3905D140D /* [CP] Embed Pods Frameworks */,
			);
			buildRules = (
			);
			dependencies = (
				2310D8A422BDFC7B00B71557 /* PBXTargetDependency */,
			);
			name = HMAppStoreHelper;
			productName = HMAppStoreHelper;
			productReference = 2392B82C228AA5D900572E5E /* HMAppStoreHelper.app */;
			productType = "com.apple.product-type.application";
		};
/* End PBXNativeTarget section */

/* Begin PBXProject section */
		2392B824228AA5D900572E5E /* Project object */ = {
			isa = PBXProject;
			attributes = {
				LastSwiftUpdateCheck = 1020;
				LastUpgradeCheck = 1200;
				ORGANIZATIONNAME = "陈晖茂";
				TargetAttributes = {
					2310D89A22BDFC7B00B71557 = {
						CreatedOnToolsVersion = 10.2.1;
						LastSwiftMigration = 1200;
					};
					2392B82B228AA5D900572E5E = {
						CreatedOnToolsVersion = 10.2.1;
					};
				};
			};
			buildConfigurationList = 2392B827228AA5D900572E5E /* Build configuration list for PBXProject "HMAppStoreHelper" */;
			compatibilityVersion = "Xcode 9.3";
			developmentRegion = en;
			hasScannedForEncodings = 0;
			knownRegions = (
				en,
				Base,
			);
			mainGroup = 2392B823228AA5D900572E5E;
			productRefGroup = 2392B82D228AA5D900572E5E /* Products */;
			projectDirPath = "";
			projectRoot = "";
			targets = (
				2392B82B228AA5D900572E5E /* HMAppStoreHelper */,
				2310D89A22BDFC7B00B71557 /* StoreShare */,
			);
		};
/* End PBXProject section */

/* Begin PBXResourcesBuildPhase section */
		2310D89922BDFC7B00B71557 /* Resources */ = {
			isa = PBXResourcesBuildPhase;
			buildActionMask = 2147483647;
			files = (
				2310D8A122BDFC7B00B71557 /* MainInterface.storyboard in Resources */,
			);
			runOnlyForDeploymentPostprocessing = 0;
		};
		2392B82A228AA5D900572E5E /* Resources */ = {
			isa = PBXResourcesBuildPhase;
			buildActionMask = 2147483647;
			files = (
				2392B83A228AA5DA00572E5E /* LaunchScreen.storyboard in Resources */,
				2392B837228AA5DA00572E5E /* Assets.xcassets in Resources */,
				2392B835228AA5D900572E5E /* Main.storyboard in Resources */,
			);
			runOnlyForDeploymentPostprocessing = 0;
		};
/* End PBXResourcesBuildPhase section */

/* Begin PBXShellScriptBuildPhase section */
		14E5CE38765263840B233866 /* [CP] Check Pods Manifest.lock */ = {
			isa = PBXShellScriptBuildPhase;
			buildActionMask = 2147483647;
			files = (
			);
			inputFileListPaths = (
			);
			inputPaths = (
				"${PODS_PODFILE_DIR_PATH}/Podfile.lock",
				"${PODS_ROOT}/Manifest.lock",
			);
			name = "[CP] Check Pods Manifest.lock";
			outputFileListPaths = (
			);
			outputPaths = (
				"$(DERIVED_FILE_DIR)/Pods-HMAppStoreHelper-checkManifestLockResult.txt",
			);
			runOnlyForDeploymentPostprocessing = 0;
			shellPath = /bin/sh;
			shellScript = "diff \"${PODS_PODFILE_DIR_PATH}/Podfile.lock\" \"${PODS_ROOT}/Manifest.lock\" > /dev/null\nif [ $? != 0 ] ; then\n    # print error to STDERR\n    echo \"error: The sandbox is not in sync with the Podfile.lock. Run 'pod install' or update your CocoaPods installation.\" >&2\n    exit 1\nfi\n# This output is used by Xcode 'outputs' to avoid re-running this script phase.\necho \"SUCCESS\" > \"${SCRIPT_OUTPUT_FILE_0}\"\n";
			showEnvVarsInLog = 0;
		};
		31B9BBF1C30985E3905D140D /* [CP] Embed Pods Frameworks */ = {
			isa = PBXShellScriptBuildPhase;
			buildActionMask = 2147483647;
			files = (
			);
			inputFileListPaths = (
				"${PODS_ROOT}/Target Support Files/Pods-HMAppStoreHelper/Pods-HMAppStoreHelper-frameworks-${CONFIGURATION}-input-files.xcfilelist",
			);
			name = "[CP] Embed Pods Frameworks";
			outputFileListPaths = (
				"${PODS_ROOT}/Target Support Files/Pods-HMAppStoreHelper/Pods-HMAppStoreHelper-frameworks-${CONFIGURATION}-output-files.xcfilelist",
			);
			runOnlyForDeploymentPostprocessing = 0;
			shellPath = /bin/sh;
			shellScript = "\"${PODS_ROOT}/Target Support Files/Pods-HMAppStoreHelper/Pods-HMAppStoreHelper-frameworks.sh\"\n";
			showEnvVarsInLog = 0;
		};
		B1E8EC5F09D6F71829559BF9 /* [CP] Check Pods Manifest.lock */ = {
			isa = PBXShellScriptBuildPhase;
			buildActionMask = 2147483647;
			files = (
			);
			inputFileListPaths = (
			);
			inputPaths = (
				"${PODS_PODFILE_DIR_PATH}/Podfile.lock",
				"${PODS_ROOT}/Manifest.lock",
			);
			name = "[CP] Check Pods Manifest.lock";
			outputFileListPaths = (
			);
			outputPaths = (
				"$(DERIVED_FILE_DIR)/Pods-StoreShare-checkManifestLockResult.txt",
			);
			runOnlyForDeploymentPostprocessing = 0;
			shellPath = /bin/sh;
			shellScript = "diff \"${PODS_PODFILE_DIR_PATH}/Podfile.lock\" \"${PODS_ROOT}/Manifest.lock\" > /dev/null\nif [ $? != 0 ] ; then\n    # print error to STDERR\n    echo \"error: The sandbox is not in sync with the Podfile.lock. Run 'pod install' or update your CocoaPods installation.\" >&2\n    exit 1\nfi\n# This output is used by Xcode 'outputs' to avoid re-running this script phase.\necho \"SUCCESS\" > \"${SCRIPT_OUTPUT_FILE_0}\"\n";
			showEnvVarsInLog = 0;
		};
/* End PBXShellScriptBuildPhase section */

/* Begin PBXSourcesBuildPhase section */
		2310D89722BDFC7B00B71557 /* Sources */ = {
			isa = PBXSourcesBuildPhase;
			buildActionMask = 2147483647;
			files = (
				2310D89E22BDFC7B00B71557 /* ShareViewController.swift in Sources */,
				2368793A24EE6C82000D1BF5 /* UIApplication+OpenURL.m in Sources */,
			);
			runOnlyForDeploymentPostprocessing = 0;
		};
		2392B828228AA5D900572E5E /* Sources */ = {
			isa = PBXSourcesBuildPhase;
			buildActionMask = 2147483647;
			files = (
				2392B830228AA5D900572E5E /* AppDelegate.swift in Sources */,
				23D3E4BD228EA12600059AE6 /* AppInfoCell.swift in Sources */,
				2392B842228AA89300572E5E /* LinkListViewController.swift in Sources */,
				2392B844228ABF9300572E5E /* AppInfo.swift in Sources */,
			);
			runOnlyForDeploymentPostprocessing = 0;
		};
/* End PBXSourcesBuildPhase section */

/* Begin PBXTargetDependency section */
		2310D8A422BDFC7B00B71557 /* PBXTargetDependency */ = {
			isa = PBXTargetDependency;
			target = 2310D89A22BDFC7B00B71557 /* StoreShare */;
			targetProxy = 2310D8A322BDFC7B00B71557 /* PBXContainerItemProxy */;
		};
/* End PBXTargetDependency section */

/* Begin PBXVariantGroup section */
		2310D89F22BDFC7B00B71557 /* MainInterface.storyboard */ = {
			isa = PBXVariantGroup;
			children = (
				2310D8A022BDFC7B00B71557 /* Base */,
			);
			name = MainInterface.storyboard;
			sourceTree = "<group>";
		};
		2392B833228AA5D900572E5E /* Main.storyboard */ = {
			isa = PBXVariantGroup;
			children = (
				2392B834228AA5D900572E5E /* Base */,
			);
			name = Main.storyboard;
			sourceTree = "<group>";
		};
		2392B838228AA5DA00572E5E /* LaunchScreen.storyboard */ = {
			isa = PBXVariantGroup;
			children = (
				2392B839228AA5DA00572E5E /* Base */,
			);
			name = LaunchScreen.storyboard;
			sourceTree = "<group>";
		};
/* End PBXVariantGroup section */

/* Begin XCBuildConfiguration section */
		2310D8A622BDFC7B00B71557 /* Debug */ = {
			isa = XCBuildConfiguration;
			baseConfigurationReference = 10BF27D6C49C8DEE391C6C01 /* Pods-StoreShare.debug.xcconfig */;
			buildSettings = {
				CLANG_ENABLE_MODULES = YES;
				CODE_SIGN_STYLE = Manual;
				DEVELOPMENT_TEAM = W3CWJY6QUS;
				"DEVELOPMENT_TEAM[sdk=iphoneos*]" = 5WUJEX24HQ;
				INFOPLIST_FILE = StoreShare/Info.plist;
				IPHONEOS_DEPLOYMENT_TARGET = 15.0;
				LD_RUNPATH_SEARCH_PATHS = (
					"$(inherited)",
					"@executable_path/Frameworks",
					"@executable_path/../../Frameworks",
				);
				PRODUCT_BUNDLE_IDENTIFIER = com.chm.AppStoreHelper.StoreShare;
				PRODUCT_NAME = "$(TARGET_NAME)";
				PROVISIONING_PROFILE_SPECIFIER = iOSWildcardProfile;
				"PROVISIONING_PROFILE_SPECIFIER[sdk=iphoneos*]" = HMWildcardProfile;
				SKIP_INSTALL = YES;
				SWIFT_OBJC_BRIDGING_HEADER = "StoreShare/StoreShare-Bridging-Header.h";
				SWIFT_OPTIMIZATION_LEVEL = "-Onone";
				SWIFT_VERSION = 5.0;
				TARGETED_DEVICE_FAMILY = "1,2";
			};
			name = Debug;
		};
		2310D8A722BDFC7B00B71557 /* Release */ = {
			isa = XCBuildConfiguration;
			baseConfigurationReference = E02DE86EE906D33F4D830DBC /* Pods-StoreShare.release.xcconfig */;
			buildSettings = {
				CLANG_ENABLE_MODULES = YES;
				CODE_SIGN_STYLE = Manual;
				DEVELOPMENT_TEAM = "";
				INFOPLIST_FILE = StoreShare/Info.plist;
				IPHONEOS_DEPLOYMENT_TARGET = 15.0;
				LD_RUNPATH_SEARCH_PATHS = (
					"$(inherited)",
					"@executable_path/Frameworks",
					"@executable_path/../../Frameworks",
				);
				PRODUCT_BUNDLE_IDENTIFIER = com.chm.AppStoreHelper.StoreShare;
				PRODUCT_NAME = "$(TARGET_NAME)";
				PROVISIONING_PROFILE_SPECIFIER = "";
				SKIP_INSTALL = YES;
				SWIFT_OBJC_BRIDGING_HEADER = "StoreShare/StoreShare-Bridging-Header.h";
				SWIFT_VERSION = 5.0;
				TARGETED_DEVICE_FAMILY = "1,2";
			};
			name = Release;
		};
		2392B83C228AA5DA00572E5E /* Debug */ = {
			isa = XCBuildConfiguration;
			buildSettings = {
				ALWAYS_SEARCH_USER_PATHS = NO;
				CLANG_ANALYZER_NONNULL = YES;
				CLANG_ANALYZER_NUMBER_OBJECT_CONVERSION = YES_AGGRESSIVE;
				CLANG_CXX_LANGUAGE_STANDARD = "gnu++14";
				CLANG_CXX_LIBRARY = "libc++";
				CLANG_ENABLE_MODULES = YES;
				CLANG_ENABLE_OBJC_ARC = YES;
				CLANG_ENABLE_OBJC_WEAK = YES;
				CLANG_WARN_BLOCK_CAPTURE_AUTORELEASING = YES;
				CLANG_WARN_BOOL_CONVERSION = YES;
				CLANG_WARN_COMMA = YES;
				CLANG_WARN_CONSTANT_CONVERSION = YES;
				CLANG_WARN_DEPRECATED_OBJC_IMPLEMENTATIONS = YES;
				CLANG_WARN_DIRECT_OBJC_ISA_USAGE = YES_ERROR;
				CLANG_WARN_DOCUMENTATION_COMMENTS = YES;
				CLANG_WARN_EMPTY_BODY = YES;
				CLANG_WARN_ENUM_CONVERSION = YES;
				CLANG_WARN_INFINITE_RECURSION = YES;
				CLANG_WARN_INT_CONVERSION = YES;
				CLANG_WARN_NON_LITERAL_NULL_CONVERSION = YES;
				CLANG_WARN_OBJC_IMPLICIT_RETAIN_SELF = YES;
				CLANG_WARN_OBJC_LITERAL_CONVERSION = YES;
				CLANG_WARN_OBJC_ROOT_CLASS = YES_ERROR;
				CLANG_WARN_RANGE_LOOP_ANALYSIS = YES;
				CLANG_WARN_STRICT_PROTOTYPES = YES;
				CLANG_WARN_SUSPICIOUS_MOVE = YES;
				CLANG_WARN_UNGUARDED_AVAILABILITY = YES_AGGRESSIVE;
				CLANG_WARN_UNREACHABLE_CODE = YES;
				CLANG_WARN__DUPLICATE_METHOD_MATCH = YES;
				CODE_SIGN_IDENTITY = "Apple Development: Huimao Chen (Y97ZSQV7SK)";
				COPY_PHASE_STRIP = NO;
				DEBUG_INFORMATION_FORMAT = dwarf;
				ENABLE_STRICT_OBJC_MSGSEND = YES;
				ENABLE_TESTABILITY = YES;
				GCC_C_LANGUAGE_STANDARD = gnu11;
				GCC_DYNAMIC_NO_PIC = NO;
				GCC_NO_COMMON_BLOCKS = YES;
				GCC_OPTIMIZATION_LEVEL = 0;
				GCC_PREPROCESSOR_DEFINITIONS = (
					"DEBUG=1",
					"$(inherited)",
				);
				GCC_WARN_64_TO_32_BIT_CONVERSION = YES;
				GCC_WARN_ABOUT_RETURN_TYPE = YES_ERROR;
				GCC_WARN_UNDECLARED_SELECTOR = YES;
				GCC_WARN_UNINITIALIZED_AUTOS = YES_AGGRESSIVE;
				GCC_WARN_UNUSED_FUNCTION = YES;
				GCC_WARN_UNUSED_VARIABLE = YES;
				IPHONEOS_DEPLOYMENT_TARGET = 15.0;
				MTL_ENABLE_DEBUG_INFO = INCLUDE_SOURCE;
				MTL_FAST_MATH = YES;
				ONLY_ACTIVE_ARCH = YES;
				SDKROOT = iphoneos;
				SWIFT_ACTIVE_COMPILATION_CONDITIONS = DEBUG;
				SWIFT_OPTIMIZATION_LEVEL = "-Onone";
			};
			name = Debug;
		};
		2392B83D228AA5DA00572E5E /* Release */ = {
			isa = XCBuildConfiguration;
			buildSettings = {
				ALWAYS_SEARCH_USER_PATHS = NO;
				CLANG_ANALYZER_NONNULL = YES;
				CLANG_ANALYZER_NUMBER_OBJECT_CONVERSION = YES_AGGRESSIVE;
				CLANG_CXX_LANGUAGE_STANDARD = "gnu++14";
				CLANG_CXX_LIBRARY = "libc++";
				CLANG_ENABLE_MODULES = YES;
				CLANG_ENABLE_OBJC_ARC = YES;
				CLANG_ENABLE_OBJC_WEAK = YES;
				CLANG_WARN_BLOCK_CAPTURE_AUTORELEASING = YES;
				CLANG_WARN_BOOL_CONVERSION = YES;
				CLANG_WARN_COMMA = YES;
				CLANG_WARN_CONSTANT_CONVERSION = YES;
				CLANG_WARN_DEPRECATED_OBJC_IMPLEMENTATIONS = YES;
				CLANG_WARN_DIRECT_OBJC_ISA_USAGE = YES_ERROR;
				CLANG_WARN_DOCUMENTATION_COMMENTS = YES;
				CLANG_WARN_EMPTY_BODY = YES;
				CLANG_WARN_ENUM_CONVERSION = YES;
				CLANG_WARN_INFINITE_RECURSION = YES;
				CLANG_WARN_INT_CONVERSION = YES;
				CLANG_WARN_NON_LITERAL_NULL_CONVERSION = YES;
				CLANG_WARN_OBJC_IMPLICIT_RETAIN_SELF = YES;
				CLANG_WARN_OBJC_LITERAL_CONVERSION = YES;
				CLANG_WARN_OBJC_ROOT_CLASS = YES_ERROR;
				CLANG_WARN_RANGE_LOOP_ANALYSIS = YES;
				CLANG_WARN_STRICT_PROTOTYPES = YES;
				CLANG_WARN_SUSPICIOUS_MOVE = YES;
				CLANG_WARN_UNGUARDED_AVAILABILITY = YES_AGGRESSIVE;
				CLANG_WARN_UNREACHABLE_CODE = YES;
				CLANG_WARN__DUPLICATE_METHOD_MATCH = YES;
				CODE_SIGN_IDENTITY = "Apple Development: Huimao Chen (Y97ZSQV7SK)";
				COPY_PHASE_STRIP = NO;
				DEBUG_INFORMATION_FORMAT = "dwarf-with-dsym";
				ENABLE_NS_ASSERTIONS = NO;
				ENABLE_STRICT_OBJC_MSGSEND = YES;
				GCC_C_LANGUAGE_STANDARD = gnu11;
				GCC_NO_COMMON_BLOCKS = YES;
				GCC_WARN_64_TO_32_BIT_CONVERSION = YES;
				GCC_WARN_ABOUT_RETURN_TYPE = YES_ERROR;
				GCC_WARN_UNDECLARED_SELECTOR = YES;
				GCC_WARN_UNINITIALIZED_AUTOS = YES_AGGRESSIVE;
				GCC_WARN_UNUSED_FUNCTION = YES;
				GCC_WARN_UNUSED_VARIABLE = YES;
				IPHONEOS_DEPLOYMENT_TARGET = 15.0;
				MTL_ENABLE_DEBUG_INFO = NO;
				MTL_FAST_MATH = YES;
				SDKROOT = iphoneos;
				SWIFT_COMPILATION_MODE = wholemodule;
				SWIFT_OPTIMIZATION_LEVEL = "-O";
				VALIDATE_PRODUCT = YES;
			};
			name = Release;
		};
		2392B83F228AA5DA00572E5E /* Debug */ = {
			isa = XCBuildConfiguration;
			baseConfigurationReference = 55E605CF63031E0239F4D8DE /* Pods-HMAppStoreHelper.debug.xcconfig */;
			buildSettings = {
				ALWAYS_EMBED_SWIFT_STANDARD_LIBRARIES = YES;
				ASSETCATALOG_COMPILER_APPICON_NAME = AppIcon;
				CODE_SIGN_STYLE = Manual;
				CURRENT_PROJECT_VERSION = 1;
				DEVELOPMENT_TEAM = 5WUJEX24HQ;
				"DEVELOPMENT_TEAM[sdk=iphoneos*]" = 5WUJEX24HQ;
				INFOPLIST_FILE = HMAppStoreHelper/Info.plist;
				IPHONEOS_DEPLOYMENT_TARGET = 15.0;
				LD_RUNPATH_SEARCH_PATHS = (
					"$(inherited)",
					"@executable_path/Frameworks",
				);
				MARKETING_VERSION = 3.1;
				PRODUCT_BUNDLE_IDENTIFIER = com.chm.AppStoreHelper;
				PRODUCT_NAME = "$(TARGET_NAME)";
				PROVISIONING_PROFILE_SPECIFIER = iOSWildcardProfile;
				"PROVISIONING_PROFILE_SPECIFIER[sdk=iphoneos*]" = HMWildcardProfile;
				SWIFT_VERSION = 5.0;
				TARGETED_DEVICE_FAMILY = "1,2";
			};
			name = Debug;
		};
		2392B840228AA5DA00572E5E /* Release */ = {
			isa = XCBuildConfiguration;
			baseConfigurationReference = 1202C51A1030AF0A192B34E9 /* Pods-HMAppStoreHelper.release.xcconfig */;
			buildSettings = {
				ALWAYS_EMBED_SWIFT_STANDARD_LIBRARIES = YES;
				ASSETCATALOG_COMPILER_APPICON_NAME = AppIcon;
				CODE_SIGN_STYLE = Manual;
				CURRENT_PROJECT_VERSION = 1;
				DEVELOPMENT_TEAM = 5WUJEX24HQ;
				"DEVELOPMENT_TEAM[sdk=iphoneos*]" = 5WUJEX24HQ;
				INFOPLIST_FILE = HMAppStoreHelper/Info.plist;
				IPHONEOS_DEPLOYMENT_TARGET = 15.0;
				LD_RUNPATH_SEARCH_PATHS = (
					"$(inherited)",
					"@executable_path/Frameworks",
				);
				MARKETING_VERSION = 3.1;
				PRODUCT_BUNDLE_IDENTIFIER = com.chm.AppStoreHelper;
				PRODUCT_NAME = "$(TARGET_NAME)";
				PROVISIONING_PROFILE_SPECIFIER = "";
				"PROVISIONING_PROFILE_SPECIFIER[sdk=iphoneos*]" = HMWildcardProfile;
				SWIFT_VERSION = 5.0;
				TARGETED_DEVICE_FAMILY = "1,2";
			};
			name = Release;
		};
/* End XCBuildConfiguration section */

/* Begin XCConfigurationList section */
		2310D8A822BDFC7B00B71557 /* Build configuration list for PBXNativeTarget "StoreShare" */ = {
			isa = XCConfigurationList;
			buildConfigurations = (
				2310D8A622BDFC7B00B71557 /* Debug */,
				2310D8A722BDFC7B00B71557 /* Release */,
			);
			defaultConfigurationIsVisible = 0;
			defaultConfigurationName = Release;
		};
		2392B827228AA5D900572E5E /* Build configuration list for PBXProject "HMAppStoreHelper" */ = {
			isa = XCConfigurationList;
			buildConfigurations = (
				2392B83C228AA5DA00572E5E /* Debug */,
				2392B83D228AA5DA00572E5E /* Release */,
			);
			defaultConfigurationIsVisible = 0;
			defaultConfigurationName = Release;
		};
		2392B83E228AA5DA00572E5E /* Build configuration list for PBXNativeTarget "HMAppStoreHelper" */ = {
			isa = XCConfigurationList;
			buildConfigurations = (
				2392B83F228AA5DA00572E5E /* Debug */,
				2392B840228AA5DA00572E5E /* Release */,
			);
			defaultConfigurationIsVisible = 0;
			defaultConfigurationName = Release;
		};
/* End XCConfigurationList section */
	};
	rootObject = 2392B824228AA5D900572E5E /* Project object */;
}
