// !$*UTF8*$!
{
	archiveVersion = 1;
	classes = {
	};
	objectVersion = 50;
	objects = {

/* Begin PBXBuildFile section */
		2310D89E22BDFC7B00B71557 /* ShareViewController.swift in Sources */ = {isa = PBXBuildFile; fileRef = 2310D89D22BDFC7B00B71557 /* ShareViewController.swift */; };
		2310D8A122BDFC7B00B71557 /* MainInterface.storyboard in Resources */ = {isa = PBXBuildFile; fileRef = 2310D89F22BDFC7B00B71557 /* MainInterface.storyboard */; };
		2310D8A522BDFC7B00B71557 /* StoreShare.appex in Embed App Extensions */ = {isa = PBXBuildFile; fileRef = 2310D89B22BDFC7B00B71557 /* StoreShare.appex */; settings = {ATTRIBUTES = (RemoveHeadersOnCopy, ); }; };
		2392B830228AA5D900572E5E /* AppDelegate.swift in Sources */ = {isa = PBXBuildFile; fileRef = 2392B82F228AA5D900572E5E /* AppDelegate.swift */; };
		2392B835228AA5D900572E5E /* Main.storyboard in Resources */ = {isa = PBXBuildFile; fileRef = 2392B833228AA5D900572E5E /* Main.storyboard */; };
		2392B837228AA5DA00572E5E /* Assets.xcassets in Resources */ = {isa = PBXBuildFile; fileRef = 2392B836228AA5DA00572E5E /* Assets.xcassets */; };
		2392B83A228AA5DA00572E5E /* LaunchScreen.storyboard in Resources */ = {isa = PBXBuildFile; fileRef = 2392B838228AA5DA00572E5E /* LaunchScreen.storyboard */; };
		2392B842228AA89300572E5E /* LinkListViewController.swift in Sources */ = {isa = PBXBuildFile; fileRef = 2392B841228AA89300572E5E /* LinkListViewController.swift */; };
		2392B844228ABF9300572E5E /* AppInfo.swift in Sources */ = {isa = PBXBuildFile; fileRef = 2392B843228ABF9300572E5E /* AppInfo.swift */; };
		23D3E4BD228EA12600059AE6 /* AppInfoCell.swift in Sources */ = {isa = PBXBuildFile; fileRef = 23D3E4BC228EA12600059AE6 /* AppInfoCell.swift */; };
/* End PBXBuildFile section */

/* Begin PBXContainerItemProxy section */
		2310D8A322BDFC7B00B71557 /* PBXContainerItemProxy */ = {
			isa = PBXContainerItemProxy;
			containerPortal = 2392B824228AA5D900572E5E /* Project object */;
			proxyType = 1;
			remoteGlobalIDString = 2310D89A22BDFC7B00B71557;
			remoteInfo = StoreShare;
		};
/* End PBXContainerItemProxy section */

/* Begin PBXCopyFilesBuildPhase section */
		2310D8A922BDFC7B00B71557 /* Embed App Extensions */ = {
			isa = PBXCopyFilesBuildPhase;
			buildActionMask = 2147483647;
			dstPath = "";
			dstSubfolderSpec = 13;
			files = (
				2310D8A522BDFC7B00B71557 /* StoreShare.appex in Embed App Extensions */,
			);
			name = "Embed App Extensions";
			runOnlyForDeploymentPostprocessing = 0;
		};
/* End PBXCopyFilesBuildPhase section */

/* Begin PBXFileReference section */
		2310D89B22BDFC7B00B71557 /* StoreShare.appex */ = {isa = PBXFileReference; explicitFileType = "wrapper.app-extension"; includeInIndex = 0; path = StoreShare.appex; sourceTree = BUILT_PRODUCTS_DIR; };
		2310D89D22BDFC7B00B71557 /* ShareViewController.swift */ = {isa = PBXFileReference; lastKnownFileType = sourcecode.swift; path = ShareViewController.swift; sourceTree = "<group>"; };
		2310D8A022BDFC7B00B71557 /* Base */ = {isa = PBXFileReference; lastKnownFileType = file.storyboard; name = Base; path = Base.lproj/MainInterface.storyboard; sourceTree = "<group>"; };
		2310D8A222BDFC7B00B71557 /* Info.plist */ = {isa = PBXFileReference; lastKnownFileType = text.plist.xml; path = Info.plist; sourceTree = "<group>"; };
		2392B82C228AA5D900572E5E /* HMAppStoreHelper.app */ = {isa = PBXFileReference; explicitFileType = wrapper.application; includeInIndex = 0; path = HMAppStoreHelper.app; sourceTree = BUILT_PRODUCTS_DIR; };
		2392B82F228AA5D900572E5E /* AppDelegate.swift */ = {isa = PBXFileReference; lastKnownFileType = sourcecode.swift; path = AppDelegate.swift; sourceTree = "<group>"; };
		2392B834228AA5D900572E5E /* Base */ = {isa = PBXFileReference; lastKnownFileType = file.storyboard; name = Base; path = Base.lproj/Main.storyboard; sourceTree = "<group>"; };
		2392B836228AA5DA00572E5E /* Assets.xcassets */ = {isa = PBXFileReference; lastKnownFileType = folder.assetcatalog; path = Assets.xcassets; sourceTree = "<group>"; };
		2392B839228AA5DA00572E5E /* Base */ = {isa = PBXFileReference; lastKnownFileType = file.storyboard; name = Base; path = Base.lproj/LaunchScreen.storyboard; sourceTree = "<group>"; };
		2392B83B228AA5DA00572E5E /* Info.plist */ = {isa = PBXFileReference; lastKnownFileType = text.plist.xml; path = Info.plist; sourceTree = "<group>"; };
		2392B841228AA89300572E5E /* LinkListViewController.swift */ = {isa = PBXFileReference; lastKnownFileType = sourcecode.swift; path = LinkListViewController.swift; sourceTree = "<group>"; };
		2392B843228ABF9300572E5E /* AppInfo.swift */ = {isa = PBXFileReference; lastKnownFileType = sourcecode.swift; path = AppInfo.swift; sourceTree = "<group>"; };
		23D3E4BC228EA12600059AE6 /* AppInfoCell.swift */ = {isa = PBXFileReference; lastKnownFileType = sourcecode.swift; path = AppInfoCell.swift; sourceTree = "<group>"; };
/* End PBXFileReference section */

/* Begin PBXFrameworksBuildPhase section */
		2310D89822BDFC7B00B71557 /* Frameworks */ = {
			isa = PBXFrameworksBuildPhase;
			buildActionMask = 2147483647;
			files = (
			);
			runOnlyForDeploymentPostprocessing = 0;
		};
		2392B829228AA5D900572E5E /* Frameworks */ = {
			isa = PBXFrameworksBuildPhase;
			buildActionMask = 2147483647;
			files = (
			);
			runOnlyForDeploymentPostprocessing = 0;
		};
/* End PBXFrameworksBuildPhase section */

/* Begin PBXGroup section */
		2310D89C22BDFC7B00B71557 /* StoreShare */ = {
			isa = PBXGroup;
			children = (
				2310D89D22BDFC7B00B71557 /* ShareViewController.swift */,
				2310D89F22BDFC7B00B71557 /* MainInterface.storyboard */,
				2310D8A222BDFC7B00B71557 /* Info.plist */,
			);
			path = StoreShare;
			sourceTree = "<group>";
		};
		2392B823228AA5D900572E5E = {
			isa = PBXGroup;
			children = (
				2392B82E228AA5D900572E5E /* HMAppStoreHelper */,
				2310D89C22BDFC7B00B71557 /* StoreShare */,
				2392B82D228AA5D900572E5E /* Products */,
			);
			sourceTree = "<group>";
		};
		2392B82D228AA5D900572E5E /* Products */ = {
			isa = PBXGroup;
			children = (
				2392B82C228AA5D900572E5E /* HMAppStoreHelper.app */,
				2310D89B22BDFC7B00B71557 /* StoreShare.appex */,
			);
			name = Products;
			sourceTree = "<group>";
		};
		2392B82E228AA5D900572E5E /* HMAppStoreHelper */ = {
			isa = PBXGroup;
			children = (
				2392B82F228AA5D900572E5E /* AppDelegate.swift */,
				2392B841228AA89300572E5E /* LinkListViewController.swift */,
				2392B843228ABF9300572E5E /* AppInfo.swift */,
				23D3E4BC228EA12600059AE6 /* AppInfoCell.swift */,
				2392B833228AA5D900572E5E /* Main.storyboard */,
				2392B836228AA5DA00572E5E /* Assets.xcassets */,
				2392B838228AA5DA00572E5E /* LaunchScreen.storyboard */,
				2392B83B228AA5DA00572E5E /* Info.plist */,
			);
			path = HMAppStoreHelper;
			sourceTree = "<group>";
		};
/* End PBXGroup section */

/* Begin PBXNativeTarget section */
		2310D89A22BDFC7B00B71557 /* StoreShare */ = {
			isa = PBXNativeTarget;
			buildConfigurationList = 2310D8A822BDFC7B00B71557 /* Build configuration list for PBXNativeTarget "StoreShare" */;
			buildPhases = (
				2310D89722BDFC7B00B71557 /* Sources */,
				2310D89822BDFC7B00B71557 /* Frameworks */,
				2310D89922BDFC7B00B71557 /* Resources */,
			);
			buildRules = (
			);
			dependencies = (
			);
			name = StoreShare;
			productName = StoreShare;
			productReference = 2310D89B22BDFC7B00B71557 /* StoreShare.appex */;
			productType = "com.apple.product-type.app-extension";
		};
		2392B82B228AA5D900572E5E /* HMAppStoreHelper */ = {
			isa = PBXNativeTarget;
			buildConfigurationList = 2392B83E228AA5DA00572E5E /* Build configuration list for PBXNativeTarget "HMAppStoreHelper" */;
			buildPhases = (
				2392B828228AA5D900572E5E /* Sources */,
				2392B829228AA5D900572E5E /* Frameworks */,
				2392B82A228AA5D900572E5E /* Resources */,
				2310D8A922BDFC7B00B71557 /* Embed App Extensions */,
			);
			buildRules = (
			);
			dependencies = (
				2310D8A422BDFC7B00B71557 /* PBXTargetDependency */,
			);
			name = HMAppStoreHelper;
			productName = HMAppStoreHelper;
			productReference = 2392B82C228AA5D900572E5E /* HMAppStoreHelper.app */;
			productType = "com.apple.product-type.application";
		};
/* End PBXNativeTarget section */

/* Begin PBXProject section */
		2392B824228AA5D900572E5E /* Project object */ = {
			isa = PBXProject;
			attributes = {
				LastSwiftUpdateCheck = 1020;
				LastUpgradeCheck = 1020;
				ORGANIZATIONNAME = "陈晖茂";
				TargetAttributes = {
					2310D89A22BDFC7B00B71557 = {
						CreatedOnToolsVersion = 10.2.1;
					};
					2392B82B228AA5D900572E5E = {
						CreatedOnToolsVersion = 10.2.1;
					};
				};
			};
			buildConfigurationList = 2392B827228AA5D900572E5E /* Build configuration list for PBXProject "HMAppStoreHelper" */;
			compatibilityVersion = "Xcode 9.3";
			developmentRegion = en;
			hasScannedForEncodings = 0;
			knownRegions = (
				en,
				Base,
			);
			mainGroup = 2392B823228AA5D900572E5E;
			productRefGroup = 2392B82D228AA5D900572E5E /* Products */;
			projectDirPath = "";
			projectRoot = "";
			targets = (
				2392B82B228AA5D900572E5E /* HMAppStoreHelper */,
				2310D89A22BDFC7B00B71557 /* StoreShare */,
			);
		};
/* End PBXProject section */

/* Begin PBXResourcesBuildPhase section */
		2310D89922BDFC7B00B71557 /* Resources */ = {
			isa = PBXResourcesBuildPhase;
			buildActionMask = 2147483647;
			files = (
				2310D8A122BDFC7B00B71557 /* MainInterface.storyboard in Resources */,
			);
			runOnlyForDeploymentPostprocessing = 0;
		};
		2392B82A228AA5D900572E5E /* Resources */ = {
			isa = PBXResourcesBuildPhase;
			buildActionMask = 2147483647;
			files = (
				2392B83A228AA5DA00572E5E /* LaunchScreen.storyboard in Resources */,
				2392B837228AA5DA00572E5E /* Assets.xcassets in Resources */,
				2392B835228AA5D900572E5E /* Main.storyboard in Resources */,
			);
			runOnlyForDeploymentPostprocessing = 0;
		};
/* End PBXResourcesBuildPhase section */

/* Begin PBXSourcesBuildPhase section */
		2310D89722BDFC7B00B71557 /* Sources */ = {
			isa = PBXSourcesBuildPhase;
			buildActionMask = 2147483647;
			files = (
				2310D89E22BDFC7B00B71557 /* ShareViewController.swift in Sources */,
			);
			runOnlyForDeploymentPostprocessing = 0;
		};
		2392B828228AA5D900572E5E /* Sources */ = {
			isa = PBXSourcesBuildPhase;
			buildActionMask = 2147483647;
			files = (
				2392B830228AA5D900572E5E /* AppDelegate.swift in Sources */,
				23D3E4BD228EA12600059AE6 /* AppInfoCell.swift in Sources */,
				2392B842228AA89300572E5E /* LinkListViewController.swift in Sources */,
				2392B844228ABF9300572E5E /* AppInfo.swift in Sources */,
			);
			runOnlyForDeploymentPostprocessing = 0;
		};
/* End PBXSourcesBuildPhase section */

/* Begin PBXTargetDependency section */
		2310D8A422BDFC7B00B71557 /* PBXTargetDependency */ = {
			isa = PBXTargetDependency;
			target = 2310D89A22BDFC7B00B71557 /* StoreShare */;
			targetProxy = 2310D8A322BDFC7B00B71557 /* PBXContainerItemProxy */;
		};
/* End PBXTargetDependency section */

/* Begin PBXVariantGroup section */
		2310D89F22BDFC7B00B71557 /* MainInterface.storyboard */ = {
			isa = PBXVariantGroup;
			children = (
				2310D8A022BDFC7B00B71557 /* Base */,
			);
			name = MainInterface.storyboard;
			sourceTree = "<group>";
		};
		2392B833228AA5D900572E5E /* Main.storyboard */ = {
			isa = PBXVariantGroup;
			children = (
				2392B834228AA5D900572E5E /* Base */,
			);
			name = Main.storyboard;
			sourceTree = "<group>";
		};
		2392B838228AA5DA00572E5E /* LaunchScreen.storyboard */ = {
			isa = PBXVariantGroup;
			children = (
				2392B839228AA5DA00572E5E /* Base */,
			);
			name = LaunchScreen.storyboard;
			sourceTree = "<group>";
		};
/* End PBXVariantGroup section */

/* Begin XCBuildConfiguration section */
		2310D8A622BDFC7B00B71557 /* Debug */ = {
			isa = XCBuildConfiguration;
			buildSettings = {
				CODE_SIGN_STYLE = Manual;
				DEVELOPMENT_TEAM = W3CWJY6QUS;
				INFOPLIST_FILE = StoreShare/Info.plist;
				IPHONEOS_DEPLOYMENT_TARGET = 11.0;
				LD_RUNPATH_SEARCH_PATHS = (
					"$(inherited)",
					"@executable_path/Frameworks",
					"@executable_path/../../Frameworks",
				);
				PRODUCT_BUNDLE_IDENTIFIER = com.chm.AppStoreHelper.StoreShare;
				PRODUCT_NAME = "$(TARGET_NAME)";
				PROVISIONING_PROFILE_SPECIFIER = iOSWildcardProfile;
				SKIP_INSTALL = YES;
				SWIFT_VERSION = 5.0;
				TARGETED_DEVICE_FAMILY = "1,2";
			};
			name = Debug;
		};
		2310D8A722BDFC7B00B71557 /* Release */ = {
			isa = XCBuildConfiguration;
			buildSettings = {
				CODE_SIGN_STYLE = Manual;
				DEVELOPMENT_TEAM = "";
				INFOPLIST_FILE = StoreShare/Info.plist;
				IPHONEOS_DEPLOYMENT_TARGET = 11.0;
				LD_RUNPATH_SEARCH_PATHS = (
					"$(inherited)",
					"@executable_path/Frameworks",
					"@executable_path/../../Frameworks",
				);
				PRODUCT_BUNDLE_IDENTIFIER = com.chm.AppStoreHelper.StoreShare;
				PRODUCT_NAME = "$(TARGET_NAME)";
				PROVISIONING_PROFILE_SPECIFIER = "";
				SKIP_INSTALL = YES;
				SWIFT_VERSION = 5.0;
				TARGETED_DEVICE_FAMILY = "1,2";
			};
			name = Release;
		};
		2392B83C228AA5DA00572E5E /* Debug */ = {
			isa = XCBuildConfiguration;
			buildSettings = {
				ALWAYS_SEARCH_USER_PATHS = NO;
				CLANG_ANALYZER_NONNULL = YES;
				CLANG_ANALYZER_NUMBER_OBJECT_CONVERSION = YES_AGGRESSIVE;
				CLANG_CXX_LANGUAGE_STANDARD = "gnu++14";
				CLANG_CXX_LIBRARY = "libc++";
				CLANG_ENABLE_MODULES = YES;
				CLANG_ENABLE_OBJC_ARC = YES;
				CLANG_ENABLE_OBJC_WEAK = YES;
				CLANG_WARN_BLOCK_CAPTURE_AUTORELEASING = YES;
				CLANG_WARN_BOOL_CONVERSION = YES;
				CLANG_WARN_COMMA = YES;
				CLANG_WARN_CONSTANT_CONVERSION = YES;
				CLANG_WARN_DEPRECATED_OBJC_IMPLEMENTATIONS = YES;
				CLANG_WARN_DIRECT_OBJC_ISA_USAGE = YES_ERROR;
				CLANG_WARN_DOCUMENTATION_COMMENTS = YES;
				CLANG_WARN_EMPTY_BODY = YES;
				CLANG_WARN_ENUM_CONVERSION = YES;
				CLANG_WARN_INFINITE_RECURSION = YES;
				CLANG_WARN_INT_CONVERSION = YES;
				CLANG_WARN_NON_LITERAL_NULL_CONVERSION = YES;
				CLANG_WARN_OBJC_IMPLICIT_RETAIN_SELF = YES;
				CLANG_WARN_OBJC_LITERAL_CONVERSION = YES;
				CLANG_WARN_OBJC_ROOT_CLASS = YES_ERROR;
				CLANG_WARN_RANGE_LOOP_ANALYSIS = YES;
				CLANG_WARN_STRICT_PROTOTYPES = YES;
				CLANG_WARN_SUSPICIOUS_MOVE = YES;
				CLANG_WARN_UNGUARDED_AVAILABILITY = YES_AGGRESSIVE;
				CLANG_WARN_UNREACHABLE_CODE = YES;
				CLANG_WARN__DUPLICATE_METHOD_MATCH = YES;
				CODE_SIGN_IDENTITY = "iPhone Developer";
				COPY_PHASE_STRIP = NO;
				DEBUG_INFORMATION_FORMAT = dwarf;
				ENABLE_STRICT_OBJC_MSGSEND = YES;
				ENABLE_TESTABILITY = YES;
				GCC_C_LANGUAGE_STANDARD = gnu11;
				GCC_DYNAMIC_NO_PIC = NO;
				GCC_NO_COMMON_BLOCKS = YES;
				GCC_OPTIMIZATION_LEVEL = 0;
				GCC_PREPROCESSOR_DEFINITIONS = (
					"DEBUG=1",
					"$(inherited)",
				);
				GCC_WARN_64_TO_32_BIT_CONVERSION = YES;
				GCC_WARN_ABOUT_RETURN_TYPE = YES_ERROR;
				GCC_WARN_UNDECLARED_SELECTOR = YES;
				GCC_WARN_UNINITIALIZED_AUTOS = YES_AGGRESSIVE;
				GCC_WARN_UNUSED_FUNCTION = YES;
				GCC_WARN_UNUSED_VARIABLE = YES;
				IPHONEOS_DEPLOYMENT_TARGET = 11.0;
				MTL_ENABLE_DEBUG_INFO = INCLUDE_SOURCE;
				MTL_FAST_MATH = YES;
				ONLY_ACTIVE_ARCH = YES;
				SDKROOT = iphoneos;
				SWIFT_ACTIVE_COMPILATION_CONDITIONS = DEBUG;
				SWIFT_OPTIMIZATION_LEVEL = "-Onone";
			};
			name = Debug;
		};
		2392B83D228AA5DA00572E5E /* Release */ = {
			isa = XCBuildConfiguration;
			buildSettings = {
				ALWAYS_SEARCH_USER_PATHS = NO;
				CLANG_ANALYZER_NONNULL = YES;
				CLANG_ANALYZER_NUMBER_OBJECT_CONVERSION = YES_AGGRESSIVE;
				CLANG_CXX_LANGUAGE_STANDARD = "gnu++14";
				CLANG_CXX_LIBRARY = "libc++";
				CLANG_ENABLE_MODULES = YES;
				CLANG_ENABLE_OBJC_ARC = YES;
				CLANG_ENABLE_OBJC_WEAK = YES;
				CLANG_WARN_BLOCK_CAPTURE_AUTORELEASING = YES;
				CLANG_WARN_BOOL_CONVERSION = YES;
				CLANG_WARN_COMMA = YES;
				CLANG_WARN_CONSTANT_CONVERSION = YES;
				CLANG_WARN_DEPRECATED_OBJC_IMPLEMENTATIONS = YES;
				CLANG_WARN_DIRECT_OBJC_ISA_USAGE = YES_ERROR;
				CLANG_WARN_DOCUMENTATION_COMMENTS = YES;
				CLANG_WARN_EMPTY_BODY = YES;
				CLANG_WARN_ENUM_CONVERSION = YES;
				CLANG_WARN_INFINITE_RECURSION = YES;
				CLANG_WARN_INT_CONVERSION = YES;
				CLANG_WARN_NON_LITERAL_NULL_CONVERSION = YES;
				CLANG_WARN_OBJC_IMPLICIT_RETAIN_SELF = YES;
				CLANG_WARN_OBJC_LITERAL_CONVERSION = YES;
				CLANG_WARN_OBJC_ROOT_CLASS = YES_ERROR;
				CLANG_WARN_RANGE_LOOP_ANALYSIS = YES;
				CLANG_WARN_STRICT_PROTOTYPES = YES;
				CLANG_WARN_SUSPICIOUS_MOVE = YES;
				CLANG_WARN_UNGUARDED_AVAILABILITY = YES_AGGRESSIVE;
				CLANG_WARN_UNREACHABLE_CODE = YES;
				CLANG_WARN__DUPLICATE_METHOD_MATCH = YES;
				CODE_SIGN_IDENTITY = "iPhone Developer";
				COPY_PHASE_STRIP = NO;
				DEBUG_INFORMATION_FORMAT = "dwarf-with-dsym";
				ENABLE_NS_ASSERTIONS = NO;
				ENABLE_STRICT_OBJC_MSGSEND = YES;
				GCC_C_LANGUAGE_STANDARD = gnu11;
				GCC_NO_COMMON_BLOCKS = YES;
				GCC_WARN_64_TO_32_BIT_CONVERSION = YES;
				GCC_WARN_ABOUT_RETURN_TYPE = YES_ERROR;
				GCC_WARN_UNDECLARED_SELECTOR = YES;
				GCC_WARN_UNINITIALIZED_AUTOS = YES_AGGRESSIVE;
				GCC_WARN_UNUSED_FUNCTION = YES;
				GCC_WARN_UNUSED_VARIABLE = YES;
				IPHONEOS_DEPLOYMENT_TARGET = 11.0;
				MTL_ENABLE_DEBUG_INFO = NO;
				MTL_FAST_MATH = YES;
				SDKROOT = iphoneos;
				SWIFT_COMPILATION_MODE = wholemodule;
				SWIFT_OPTIMIZATION_LEVEL = "-O";
				VALIDATE_PRODUCT = YES;
			};
			name = Release;
		};
		2392B83F228AA5DA00572E5E /* Debug */ = {
			isa = XCBuildConfiguration;
			buildSettings = {
				ALWAYS_EMBED_SWIFT_STANDARD_LIBRARIES = YES;
				ASSETCATALOG_COMPILER_APPICON_NAME = AppIcon;
				CODE_SIGN_STYLE = Manual;
				DEVELOPMENT_TEAM = W3CWJY6QUS;
				INFOPLIST_FILE = HMAppStoreHelper/Info.plist;
				IPHONEOS_DEPLOYMENT_TARGET = 11.0;
				LD_RUNPATH_SEARCH_PATHS = (
					"$(inherited)",
					"@executable_path/Frameworks",
				);
				PRODUCT_BUNDLE_IDENTIFIER = com.chm.AppStoreHelper;
				PRODUCT_NAME = "$(TARGET_NAME)";
				PROVISIONING_PROFILE_SPECIFIER = iOSWildcardProfile;
				SWIFT_VERSION = 5.0;
				TARGETED_DEVICE_FAMILY = "1,2";
			};
			name = Debug;
		};
		2392B840228AA5DA00572E5E /* Release */ = {
			isa = XCBuildConfiguration;
			buildSettings = {
				ALWAYS_EMBED_SWIFT_STANDARD_LIBRARIES = YES;
				ASSETCATALOG_COMPILER_APPICON_NAME = AppIcon;
				CODE_SIGN_STYLE = Manual;
				DEVELOPMENT_TEAM = "";
				INFOPLIST_FILE = HMAppStoreHelper/Info.plist;
				IPHONEOS_DEPLOYMENT_TARGET = 11.0;
				LD_RUNPATH_SEARCH_PATHS = (
					"$(inherited)",
					"@executable_path/Frameworks",
				);
				PRODUCT_BUNDLE_IDENTIFIER = com.chm.AppStoreHelper;
				PRODUCT_NAME = "$(TARGET_NAME)";
				PROVISIONING_PROFILE_SPECIFIER = "";
				SWIFT_VERSION = 5.0;
				TARGETED_DEVICE_FAMILY = "1,2";
			};
			name = Release;
		};
/* End XCBuildConfiguration section */

/* Begin XCConfigurationList section */
		2310D8A822BDFC7B00B71557 /* Build configuration list for PBXNativeTarget "StoreShare" */ = {
			isa = XCConfigurationList;
			buildConfigurations = (
				2310D8A622BDFC7B00B71557 /* Debug */,
				2310D8A722BDFC7B00B71557 /* Release */,
			);
			defaultConfigurationIsVisible = 0;
			defaultConfigurationName = Release;
		};
		2392B827228AA5D900572E5E /* Build configuration list for PBXProject "HMAppStoreHelper" */ = {
			isa = XCConfigurationList;
			buildConfigurations = (
				2392B83C228AA5DA00572E5E /* Debug */,
				2392B83D228AA5DA00572E5E /* Release */,
			);
			defaultConfigurationIsVisible = 0;
			defaultConfigurationName = Release;
		};
		2392B83E228AA5DA00572E5E /* Build configuration list for PBXNativeTarget "HMAppStoreHelper" */ = {
			isa = XCConfigurationList;
			buildConfigurations = (
				2392B83F228AA5DA00572E5E /* Debug */,
				2392B840228AA5DA00572E5E /* Release */,
			);
			defaultConfigurationIsVisible = 0;
			defaultConfigurationName = Release;
		};
/* End XCConfigurationList section */
	};
	rootObject = 2392B824228AA5D900572E5E /* Project object */;
}
